// !$*UTF8*$!
{
	archiveVersion = 1;
	classes = {
	};
	objectVersion = 77;
	objects = {

/* Begin PBXBuildFile section */
		D79754CC2FA9E4A600AFDFB6 /* MapLibre in Frameworks */ = {isa = PBXBuildFile; productRef = D79754CB2FA9E4A600AFDFB6 /* MapLibre */; };
		D79754ED2FAA997C00AFDFB6 /* Supabase in Frameworks */ = {isa = PBXBuildFile; productRef = D79754EC2FAA997C00AFDFB6 /* Supabase */; };
/* End PBXBuildFile section */

/* Begin PBXContainerItemProxy section */
		D79754A92FA9E0B200AFDFB6 /* PBXContainerItemProxy */ = {
			isa = PBXContainerItemProxy;
			containerPortal = D79754932FA9E0B200AFDFB6 /* Project object */;
			proxyType = 1;
			remoteGlobalIDString = D797549A2FA9E0B200AFDFB6;
			remoteInfo = Spur;
		};
		D79754B32FA9E0B200AFDFB6 /* PBXContainerItemProxy */ = {
			isa = PBXContainerItemProxy;
			containerPortal = D79754932FA9E0B200AFDFB6 /* Project object */;
			proxyType = 1;
			remoteGlobalIDString = D797549A2FA9E0B200AFDFB6;
			remoteInfo = Spur;
		};
/* End PBXContainerItemProxy section */

/* Begin PBXFileReference section */
		D797549B2FA9E0B200AFDFB6 /* Spur.app */ = {isa = PBXFileReference; explicitFileType = wrapper.application; includeInIndex = 0; path = Spur.app; sourceTree = BUILT_PRODUCTS_DIR; };
		D79754A82FA9E0B200AFDFB6 /* SpurTests.xctest */ = {isa = PBXFileReference; explicitFileType = wrapper.cfbundle; includeInIndex = 0; path = SpurTests.xctest; sourceTree = BUILT_PRODUCTS_DIR; };
		D79754B22FA9E0B200AFDFB6 /* SpurUITests.xctest */ = {isa = PBXFileReference; explicitFileType = wrapper.cfbundle; includeInIndex = 0; path = SpurUITests.xctest; sourceTree = BUILT_PRODUCTS_DIR; };
		D79754EE2FAA9A2E00AFDFB6 /* Local.xcconfig */ = {isa = PBXFileReference; lastKnownFileType = text.xcconfig; path = Local.xcconfig; sourceTree = "<group>"; };
		D79754EF2FAA9A2E00AFDFB6 /* Staging.xcconfig */ = {isa = PBXFileReference; lastKnownFileType = text.xcconfig; path = Staging.xcconfig; sourceTree = "<group>"; };
/* End PBXFileReference section */

/* Begin PBXFileSystemSynchronizedRootGroup section */
		D797549D2FA9E0B200AFDFB6 /* Spur */ = {
			isa = PBXFileSystemSynchronizedRootGroup;
			path = Spur;
			sourceTree = "<group>";
		};
		D79754AB2FA9E0B200AFDFB6 /* SpurTests */ = {
			isa = PBXFileSystemSynchronizedRootGroup;
			path = SpurTests;
			sourceTree = "<group>";
		};
		D79754B52FA9E0B200AFDFB6 /* SpurUITests */ = {
			isa = PBXFileSystemSynchronizedRootGroup;
			path = SpurUITests;
			sourceTree = "<group>";
		};
/* End PBXFileSystemSynchronizedRootGroup section */

/* Begin PBXFrameworksBuildPhase section */
		D79754982FA9E0B200AFDFB6 /* Frameworks */ = {
			isa = PBXFrameworksBuildPhase;
			buildActionMask = 2147483647;
			files = (
				D79754ED2FAA997C00AFDFB6 /* Supabase in Frameworks */,
				D79754CC2FA9E4A600AFDFB6 /* MapLibre in Frameworks */,
			);
			runOnlyForDeploymentPostprocessing = 0;
		};
		D79754A52FA9E0B200AFDFB6 /* Frameworks */ = {
			isa = PBXFrameworksBuildPhase;
			buildActionMask = 2147483647;
			files = (
			);
			runOnlyForDeploymentPostprocessing = 0;
		};
		D79754AF2FA9E0B200AFDFB6 /* Frameworks */ = {
			isa = PBXFrameworksBuildPhase;
			buildActionMask = 2147483647;
			files = (
			);
			runOnlyForDeploymentPostprocessing = 0;
		};
/* End PBXFrameworksBuildPhase section */

/* Begin PBXGroup section */
		D79754922FA9E0B200AFDFB6 = {
			isa = PBXGroup;
			children = (
				D797549D2FA9E0B200AFDFB6 /* Spur */,
				D79754AB2FA9E0B200AFDFB6 /* SpurTests */,
				D79754B52FA9E0B200AFDFB6 /* SpurUITests */,
				D79754CA2FA9E4A600AFDFB6 /* Frameworks */,
				D797549C2FA9E0B200AFDFB6 /* Products */,
				D79754EE2FAA9A2E00AFDFB6 /* Local.xcconfig */,
				D79754EF2FAA9A2E00AFDFB6 /* Staging.xcconfig */,
			);
			sourceTree = "<group>";
		};
		D797549C2FA9E0B200AFDFB6 /* Products */ = {
			isa = PBXGroup;
			children = (
				D797549B2FA9E0B200AFDFB6 /* Spur.app */,
				D79754A82FA9E0B200AFDFB6 /* SpurTests.xctest */,
				D79754B22FA9E0B200AFDFB6 /* SpurUITests.xctest */,
			);
			name = Products;
			sourceTree = "<group>";
		};
		D79754CA2FA9E4A600AFDFB6 /* Frameworks */ = {
			isa = PBXGroup;
			children = (
			);
			name = Frameworks;
			sourceTree = "<group>";
		};
/* End PBXGroup section */

/* Begin PBXNativeTarget section */
		D797549A2FA9E0B200AFDFB6 /* Spur */ = {
			isa = PBXNativeTarget;
			buildConfigurationList = D79754BC2FA9E0B200AFDFB6 /* Build configuration list for PBXNativeTarget "Spur" */;
			buildPhases = (
				D79754972FA9E0B200AFDFB6 /* Sources */,
				D79754982FA9E0B200AFDFB6 /* Frameworks */,
				D79754992FA9E0B200AFDFB6 /* Resources */,
			);
			buildRules = (
			);
			dependencies = (
			);
			fileSystemSynchronizedGroups = (
				D797549D2FA9E0B200AFDFB6 /* Spur */,
			);
			name = Spur;
			packageProductDependencies = (
				D79754CB2FA9E4A600AFDFB6 /* MapLibre */,
				D79754EC2FAA997C00AFDFB6 /* Supabase */,
			);
			productName = Spur;
			productReference = D797549B2FA9E0B200AFDFB6 /* Spur.app */;
			productType = "com.apple.product-type.application";
		};
		D79754A72FA9E0B200AFDFB6 /* SpurTests */ = {
			isa = PBXNativeTarget;
			buildConfigurationList = D79754BF2FA9E0B200AFDFB6 /* Build configuration list for PBXNativeTarget "SpurTests" */;
			buildPhases = (
				D79754A42FA9E0B200AFDFB6 /* Sources */,
				D79754A52FA9E0B200AFDFB6 /* Frameworks */,
				D79754A62FA9E0B200AFDFB6 /* Resources */,
			);
			buildRules = (
			);
			dependencies = (
				D79754AA2FA9E0B200AFDFB6 /* PBXTargetDependency */,
			);
			fileSystemSynchronizedGroups = (
				D79754AB2FA9E0B200AFDFB6 /* SpurTests */,
			);
			name = SpurTests;
			packageProductDependencies = (
			);
			productName = SpurTests;
			productReference = D79754A82FA9E0B200AFDFB6 /* SpurTests.xctest */;
			productType = "com.apple.product-type.bundle.unit-test";
		};
		D79754B12FA9E0B200AFDFB6 /* SpurUITests */ = {
			isa = PBXNativeTarget;
			buildConfigurationList = D79754C22FA9E0B200AFDFB6 /* Build configuration list for PBXNativeTarget "SpurUITests" */;
			buildPhases = (
				D79754AE2FA9E0B200AFDFB6 /* Sources */,
				D79754AF2FA9E0B200AFDFB6 /* Frameworks */,
				D79754B02FA9E0B200AFDFB6 /* Resources */,
			);
			buildRules = (
			);
			dependencies = (
				D79754B42FA9E0B200AFDFB6 /* PBXTargetDependency */,
			);
			fileSystemSynchronizedGroups = (
				D79754B52FA9E0B200AFDFB6 /* SpurUITests */,
			);
			name = SpurUITests;
			packageProductDependencies = (
			);
			productName = SpurUITests;
			productReference = D79754B22FA9E0B200AFDFB6 /* SpurUITests.xctest */;
			productType = "com.apple.product-type.bundle.ui-testing";
		};
/* End PBXNativeTarget section */

/* Begin PBXProject section */
		D79754932FA9E0B200AFDFB6 /* Project object */ = {
			isa = PBXProject;
			attributes = {
				BuildIndependentTargetsInParallel = 1;
				LastSwiftUpdateCheck = 2640;
				LastUpgradeCheck = 2640;
				TargetAttributes = {
					D797549A2FA9E0B200AFDFB6 = {
						CreatedOnToolsVersion = 26.4.1;
					};
					D79754A72FA9E0B200AFDFB6 = {
						CreatedOnToolsVersion = 26.4.1;
						TestTargetID = D797549A2FA9E0B200AFDFB6;
					};
					D79754B12FA9E0B200AFDFB6 = {
						CreatedOnToolsVersion = 26.4.1;
						TestTargetID = D797549A2FA9E0B200AFDFB6;
					};
				};
			};
			buildConfigurationList = D79754962FA9E0B200AFDFB6 /* Build configuration list for PBXProject "Spur" */;
			developmentRegion = en;
			hasScannedForEncodings = 0;
			knownRegions = (
				en,
				Base,
			);
			mainGroup = D79754922FA9E0B200AFDFB6;
			minimizedProjectReferenceProxies = 1;
			packageReferences = (
				D79754C52FA9E24800AFDFB6 /* XCRemoteSwiftPackageReference "maplibre-gl-native-distribution" */,
				D79754EB2FAA997C00AFDFB6 /* XCRemoteSwiftPackageReference "supabase-swift" */,
			);
			preferredProjectObjectVersion = 77;
			productRefGroup = D797549C2FA9E0B200AFDFB6 /* Products */;
			projectDirPath = "";
			projectRoot = "";
			targets = (
				D797549A2FA9E0B200AFDFB6 /* Spur */,
				D79754A72FA9E0B200AFDFB6 /* SpurTests */,
				D79754B12FA9E0B200AFDFB6 /* SpurUITests */,
			);
		};
/* End PBXProject section */

/* Begin PBXResourcesBuildPhase section */
		D79754992FA9E0B200AFDFB6 /* Resources */ = {
			isa = PBXResourcesBuildPhase;
			buildActionMask = 2147483647;
			files = (
			);
			runOnlyForDeploymentPostprocessing = 0;
		};
		D79754A62FA9E0B200AFDFB6 /* Resources */ = {
			isa = PBXResourcesBuildPhase;
			buildActionMask = 2147483647;
			files = (
			);
			runOnlyForDeploymentPostprocessing = 0;
		};
		D79754B02FA9E0B200AFDFB6 /* Resources */ = {
			isa = PBXResourcesBuildPhase;
			buildActionMask = 2147483647;
			files = (
			);
			runOnlyForDeploymentPostprocessing = 0;
		};
/* End PBXResourcesBuildPhase section */

/* Begin PBXSourcesBuildPhase section */
		D79754972FA9E0B200AFDFB6 /* Sources */ = {
			isa = PBXSourcesBuildPhase;
			buildActionMask = 2147483647;
			files = (
			);
			runOnlyForDeploymentPostprocessing = 0;
		};
		D79754A42FA9E0B200AFDFB6 /* Sources */ = {
			isa = PBXSourcesBuildPhase;
			buildActionMask = 2147483647;
			files = (
			);
			runOnlyForDeploymentPostprocessing = 0;
		};
		D79754AE2FA9E0B200AFDFB6 /* Sources */ = {
			isa = PBXSourcesBuildPhase;
			buildActionMask = 2147483647;
			files = (
			);
			runOnlyForDeploymentPostprocessing = 0;
		};
/* End PBXSourcesBuildPhase section */

/* Begin PBXTargetDependency section */
		D79754AA2FA9E0B200AFDFB6 /* PBXTargetDependency */ = {
			isa = PBXTargetDependency;
			target = D797549A2FA9E0B200AFDFB6 /* Spur */;
			targetProxy = D79754A92FA9E0B200AFDFB6 /* PBXContainerItemProxy */;
		};
		D79754B42FA9E0B200AFDFB6 /* PBXTargetDependency */ = {
			isa = PBXTargetDependency;
			target = D797549A2FA9E0B200AFDFB6 /* Spur */;
			targetProxy = D79754B32FA9E0B200AFDFB6 /* PBXContainerItemProxy */;
		};
/* End PBXTargetDependency section */

/* Begin XCBuildConfiguration section */
		D79754BA2FA9E0B200AFDFB6 /* Debug */ = {
			isa = XCBuildConfiguration;
			baseConfigurationReference = D79754EE2FAA9A2E00AFDFB6 /* Local.xcconfig */;
			buildSettings = {
				ALWAYS_SEARCH_USER_PATHS = NO;
				ASSETCATALOG_COMPILER_GENERATE_SWIFT_ASSET_SYMBOL_EXTENSIONS = YES;
				CLANG_ANALYZER_NONNULL = YES;
				CLANG_ANALYZER_NUMBER_OBJECT_CONVERSION = YES_AGGRESSIVE;
				CLANG_CXX_LANGUAGE_STANDARD = "gnu++20";
				CLANG_ENABLE_MODULES = YES;
				CLANG_ENABLE_OBJC_ARC = YES;
				CLANG_ENABLE_OBJC_WEAK = YES;
				CLANG_WARN_BLOCK_CAPTURE_AUTORELEASING = YES;
				CLANG_WARN_BOOL_CONVERSION = YES;
				CLANG_WARN_COMMA = YES;
				CLANG_WARN_CONSTANT_CONVERSION = YES;
				CLANG_WARN_DEPRECATED_OBJC_IMPLEMENTATIONS = YES;
				CLANG_WARN_DIRECT_OBJC_ISA_USAGE = YES_ERROR;
				CLANG_WARN_DOCUMENTATION_COMMENTS = YES;
				CLANG_WARN_EMPTY_BODY = YES;
				CLANG_WARN_ENUM_CONVERSION = YES;
				CLANG_WARN_INFINITE_RECURSION = YES;
				CLANG_WARN_INT_CONVERSION = YES;
				CLANG_WARN_NON_LITERAL_NULL_CONVERSION = YES;
				CLANG_WARN_OBJC_IMPLICIT_RETAIN_SELF = YES;
				CLANG_WARN_OBJC_LITERAL_CONVERSION = YES;
				CLANG_WARN_OBJC_ROOT_CLASS = YES_ERROR;
				CLANG_WARN_QUOTED_INCLUDE_IN_FRAMEWORK_HEADER = YES;
				CLANG_WARN_RANGE_LOOP_ANALYSIS = YES;
				CLANG_WARN_STRICT_PROTOTYPES = YES;
				CLANG_WARN_SUSPICIOUS_MOVE = YES;
				CLANG_WARN_UNGUARDED_AVAILABILITY = YES_AGGRESSIVE;
				CLANG_WARN_UNREACHABLE_CODE = YES;
				CLANG_WARN__DUPLICATE_METHOD_MATCH = YES;
				COPY_PHASE_STRIP = NO;
				DEBUG_INFORMATION_FORMAT = dwarf;
				ENABLE_STRICT_OBJC_MSGSEND = YES;
				ENABLE_TESTABILITY = YES;
				ENABLE_USER_SCRIPT_SANDBOXING = YES;
				GCC_C_LANGUAGE_STANDARD = gnu17;
				GCC_DYNAMIC_NO_PIC = NO;
				GCC_NO_COMMON_BLOCKS = YES;
				GCC_OPTIMIZATION_LEVEL = 0;
				GCC_PREPROCESSOR_DEFINITIONS = (
					"DEBUG=1",
					"$(inherited)",
				);
				GCC_WARN_64_TO_32_BIT_CONVERSION = YES;
				GCC_WARN_ABOUT_RETURN_TYPE = YES_ERROR;
				GCC_WARN_UNDECLARED_SELECTOR = YES;
				GCC_WARN_UNINITIALIZED_AUTOS = YES_AGGRESSIVE;
				GCC_WARN_UNUSED_FUNCTION = YES;
				GCC_WARN_UNUSED_VARIABLE = YES;
				IPHONEOS_DEPLOYMENT_TARGET = 26.4;
				LOCALIZATION_PREFERS_STRING_CATALOGS = YES;
				MTL_ENABLE_DEBUG_INFO = INCLUDE_SOURCE;
				MTL_FAST_MATH = YES;
				ONLY_ACTIVE_ARCH = YES;
				SDKROOT = iphoneos;
				SWIFT_ACTIVE_COMPILATION_CONDITIONS = "DEBUG $(inherited)";
				SWIFT_OPTIMIZATION_LEVEL = "-Onone";
			};
			name = Debug;
		};
		D79754BB2FA9E0B200AFDFB6 /* Release */ = {
			isa = XCBuildConfiguration;
			baseConfigurationReference = D79754EF2FAA9A2E00AFDFB6 /* Staging.xcconfig */;
			buildSettings = {
				ALWAYS_SEARCH_USER_PATHS = NO;
				ASSETCATALOG_COMPILER_GENERATE_SWIFT_ASSET_SYMBOL_EXTENSIONS = YES;
				CLANG_ANALYZER_NONNULL = YES;
				CLANG_ANALYZER_NUMBER_OBJECT_CONVERSION = YES_AGGRESSIVE;
				CLANG_CXX_LANGUAGE_STANDARD = "gnu++20";
				CLANG_ENABLE_MODULES = YES;
				CLANG_ENABLE_OBJC_ARC = YES;
				CLANG_ENABLE_OBJC_WEAK = YES;
				CLANG_WARN_BLOCK_CAPTURE_AUTORELEASING = YES;
				CLANG_WARN_BOOL_CONVERSION = YES;
				CLANG_WARN_COMMA = YES;
				CLANG_WARN_CONSTANT_CONVERSION = YES;
				CLANG_WARN_DEPRECATED_OBJC_IMPLEMENTATIONS = YES;
				CLANG_WARN_DIRECT_OBJC_ISA_USAGE = YES_ERROR;
				CLANG_WARN_DOCUMENTATION_COMMENTS = YES;
				CLANG_WARN_EMPTY_BODY = YES;
				CLANG_WARN_ENUM_CONVERSION = YES;
				CLANG_WARN_INFINITE_RECURSION = YES;
				CLANG_WARN_INT_CONVERSION = YES;
				CLANG_WARN_NON_LITERAL_NULL_CONVERSION = YES;
				CLANG_WARN_OBJC_IMPLICIT_RETAIN_SELF = YES;
				CLANG_WARN_OBJC_LITERAL_CONVERSION = YES;
				CLANG_WARN_OBJC_ROOT_CLASS = YES_ERROR;
				CLANG_WARN_QUOTED_INCLUDE_IN_FRAMEWORK_HEADER = YES;
				CLANG_WARN_RANGE_LOOP_ANALYSIS = YES;
				CLANG_WARN_STRICT_PROTOTYPES = YES;
				CLANG_WARN_SUSPICIOUS_MOVE = YES;
				CLANG_WARN_UNGUARDED_AVAILABILITY = YES_AGGRESSIVE;
				CLANG_WARN_UNREACHABLE_CODE = YES;
				CLANG_WARN__DUPLICATE_METHOD_MATCH = YES;
				COPY_PHASE_STRIP = NO;
				DEBUG_INFORMATION_FORMAT = "dwarf-with-dsym";
				ENABLE_NS_ASSERTIONS = NO;
				ENABLE_STRICT_OBJC_MSGSEND = YES;
				ENABLE_USER_SCRIPT_SANDBOXING = YES;
				GCC_C_LANGUAGE_STANDARD = gnu17;
				GCC_NO_COMMON_BLOCKS = YES;
				GCC_WARN_64_TO_32_BIT_CONVERSION = YES;
				GCC_WARN_ABOUT_RETURN_TYPE = YES_ERROR;
				GCC_WARN_UNDECLARED_SELECTOR = YES;
				GCC_WARN_UNINITIALIZED_AUTOS = YES_AGGRESSIVE;
				GCC_WARN_UNUSED_FUNCTION = YES;
				GCC_WARN_UNUSED_VARIABLE = YES;
				IPHONEOS_DEPLOYMENT_TARGET = 26.4;
				LOCALIZATION_PREFERS_STRING_CATALOGS = YES;
				MTL_ENABLE_DEBUG_INFO = NO;
				MTL_FAST_MATH = YES;
				SDKROOT = iphoneos;
				SWIFT_COMPILATION_MODE = wholemodule;
				VALIDATE_PRODUCT = YES;
			};
			name = Release;
		};
		D79754BD2FA9E0B200AFDFB6 /* Debug */ = {
			isa = XCBuildConfiguration;
			buildSettings = {
				ASSETCATALOG_COMPILER_APPICON_NAME = AppIcon;
				ASSETCATALOG_COMPILER_GLOBAL_ACCENT_COLOR_NAME = AccentColor;
				CODE_SIGN_STYLE = Automatic;
				CURRENT_PROJECT_VERSION = 1;
				ENABLE_PREVIEWS = YES;
				GENERATE_INFOPLIST_FILE = YES;
				INFOPLIST_KEY_UIApplicationSceneManifest_Generation = YES;
				INFOPLIST_KEY_UIApplicationSupportsIndirectInputEvents = YES;
				INFOPLIST_KEY_UILaunchScreen_Generation = YES;
				INFOPLIST_KEY_UISupportedInterfaceOrientations_iPad = "UIInterfaceOrientationPortrait UIInterfaceOrientationPortraitUpsideDown UIInterfaceOrientationLandscapeLeft UIInterfaceOrientationLandscapeRight";
				INFOPLIST_KEY_UISupportedInterfaceOrientations_iPhone = "UIInterfaceOrientationPortrait UIInterfaceOrientationLandscapeLeft UIInterfaceOrientationLandscapeRight";
				IPHONEOS_DEPLOYMENT_TARGET = 26.0;
				LD_RUNPATH_SEARCH_PATHS = (
					"$(inherited)",
					"@executable_path/Frameworks",
				);
				MARKETING_VERSION = 1.0;
				PRODUCT_BUNDLE_IDENTIFIER = com.silver.Spur;
				PRODUCT_NAME = "$(TARGET_NAME)";
				STRING_CATALOG_GENERATE_SYMBOLS = YES;
				SWIFT_APPROACHABLE_CONCURRENCY = YES;
				SWIFT_DEFAULT_ACTOR_ISOLATION = MainActor;
				SWIFT_EMIT_LOC_STRINGS = YES;
				SWIFT_UPCOMING_FEATURE_MEMBER_IMPORT_VISIBILITY = YES;
				SWIFT_VERSION = 5.0;
				TARGETED_DEVICE_FAMILY = "1,2";
			};
			name = Debug;
		};
		D79754BE2FA9E0B200AFDFB6 /* Release */ = {
			isa = XCBuildConfiguration;
			buildSettings = {
				ASSETCATALOG_COMPILER_APPICON_NAME = AppIcon;
				ASSETCATALOG_COMPILER_GLOBAL_ACCENT_COLOR_NAME = AccentColor;
				CODE_SIGN_STYLE = Automatic;
				CURRENT_PROJECT_VERSION = 1;
				ENABLE_PREVIEWS = YES;
				GENERATE_INFOPLIST_FILE = YES;
				INFOPLIST_KEY_UIApplicationSceneManifest_Generation = YES;
				INFOPLIST_KEY_UIApplicationSupportsIndirectInputEvents = YES;
				INFOPLIST_KEY_UILaunchScreen_Generation = YES;
				INFOPLIST_KEY_UISupportedInterfaceOrientations_iPad = "UIInterfaceOrientationPortrait UIInterfaceOrientationPortraitUpsideDown UIInterfaceOrientationLandscapeLeft UIInterfaceOrientationLandscapeRight";
				INFOPLIST_KEY_UISupportedInterfaceOrientations_iPhone = "UIInterfaceOrientationPortrait UIInterfaceOrientationLandscapeLeft UIInterfaceOrientationLandscapeRight";
				IPHONEOS_DEPLOYMENT_TARGET = 26.0;
				LD_RUNPATH_SEARCH_PATHS = (
					"$(inherited)",
					"@executable_path/Frameworks",
				);
				MARKETING_VERSION = 1.0;
				PRODUCT_BUNDLE_IDENTIFIER = com.silver.Spur;
				PRODUCT_NAME = "$(TARGET_NAME)";
				STRING_CATALOG_GENERATE_SYMBOLS = YES;
				SWIFT_APPROACHABLE_CONCURRENCY = YES;
				SWIFT_DEFAULT_ACTOR_ISOLATION = MainActor;
				SWIFT_EMIT_LOC_STRINGS = YES;
				SWIFT_UPCOMING_FEATURE_MEMBER_IMPORT_VISIBILITY = YES;
				SWIFT_VERSION = 5.0;
				TARGETED_DEVICE_FAMILY = "1,2";
			};
			name = Release;
		};
		D79754C02FA9E0B200AFDFB6 /* Debug */ = {
			isa = XCBuildConfiguration;
			buildSettings = {
				BUNDLE_LOADER = "$(TEST_HOST)";
				CODE_SIGN_STYLE = Automatic;
				CURRENT_PROJECT_VERSION = 1;
				GENERATE_INFOPLIST_FILE = YES;
				IPHONEOS_DEPLOYMENT_TARGET = 26.0;
				MARKETING_VERSION = 1.0;
				PRODUCT_BUNDLE_IDENTIFIER = com.silver.SpurTests;
				PRODUCT_NAME = "$(TARGET_NAME)";
				STRING_CATALOG_GENERATE_SYMBOLS = NO;
				SWIFT_APPROACHABLE_CONCURRENCY = YES;
				SWIFT_EMIT_LOC_STRINGS = NO;
				SWIFT_UPCOMING_FEATURE_MEMBER_IMPORT_VISIBILITY = YES;
				SWIFT_VERSION = 5.0;
				TARGETED_DEVICE_FAMILY = "1,2";
				TEST_HOST = "$(BUILT_PRODUCTS_DIR)/Spur.app/$(BUNDLE_EXECUTABLE_FOLDER_PATH)/Spur";
			};
			name = Debug;
		};
		D79754C12FA9E0B200AFDFB6 /* Release */ = {
			isa = XCBuildConfiguration;
			buildSettings = {
				BUNDLE_LOADER = "$(TEST_HOST)";
				CODE_SIGN_STYLE = Automatic;
				CURRENT_PROJECT_VERSION = 1;
				GENERATE_INFOPLIST_FILE = YES;
				IPHONEOS_DEPLOYMENT_TARGET = 26.0;
				MARKETING_VERSION = 1.0;
				PRODUCT_BUNDLE_IDENTIFIER = com.silver.SpurTests;
				PRODUCT_NAME = "$(TARGET_NAME)";
				STRING_CATALOG_GENERATE_SYMBOLS = NO;
				SWIFT_APPROACHABLE_CONCURRENCY = YES;
				SWIFT_EMIT_LOC_STRINGS = NO;
				SWIFT_UPCOMING_FEATURE_MEMBER_IMPORT_VISIBILITY = YES;
				SWIFT_VERSION = 5.0;
				TARGETED_DEVICE_FAMILY = "1,2";
				TEST_HOST = "$(BUILT_PRODUCTS_DIR)/Spur.app/$(BUNDLE_EXECUTABLE_FOLDER_PATH)/Spur";
			};
			name = Release;
		};
		D79754C32FA9E0B200AFDFB6 /* Debug */ = {
			isa = XCBuildConfiguration;
			buildSettings = {
				CODE_SIGN_STYLE = Automatic;
				CURRENT_PROJECT_VERSION = 1;
				GENERATE_INFOPLIST_FILE = YES;
				IPHONEOS_DEPLOYMENT_TARGET = 26.0;
				MARKETING_VERSION = 1.0;
				PRODUCT_BUNDLE_IDENTIFIER = com.silver.SpurUITests;
				PRODUCT_NAME = "$(TARGET_NAME)";
				STRING_CATALOG_GENERATE_SYMBOLS = NO;
				SWIFT_APPROACHABLE_CONCURRENCY = YES;
				SWIFT_EMIT_LOC_STRINGS = NO;
				SWIFT_UPCOMING_FEATURE_MEMBER_IMPORT_VISIBILITY = YES;
				SWIFT_VERSION = 5.0;
				TARGETED_DEVICE_FAMILY = "1,2";
				TEST_TARGET_NAME = Spur;
			};
			name = Debug;
		};
		D79754C42FA9E0B200AFDFB6 /* Release */ = {
			isa = XCBuildConfiguration;
			buildSettings = {
				CODE_SIGN_STYLE = Automatic;
				CURRENT_PROJECT_VERSION = 1;
				GENERATE_INFOPLIST_FILE = YES;
				IPHONEOS_DEPLOYMENT_TARGET = 26.0;
				MARKETING_VERSION = 1.0;
				PRODUCT_BUNDLE_IDENTIFIER = com.silver.SpurUITests;
				PRODUCT_NAME = "$(TARGET_NAME)";
				STRING_CATALOG_GENERATE_SYMBOLS = NO;
				SWIFT_APPROACHABLE_CONCURRENCY = YES;
				SWIFT_EMIT_LOC_STRINGS = NO;
				SWIFT_UPCOMING_FEATURE_MEMBER_IMPORT_VISIBILITY = YES;
				SWIFT_VERSION = 5.0;
				TARGETED_DEVICE_FAMILY = "1,2";
				TEST_TARGET_NAME = Spur;
			};
			name = Release;
		};
/* End XCBuildConfiguration section */

/* Begin XCConfigurationList section */
		D79754962FA9E0B200AFDFB6 /* Build configuration list for PBXProject "Spur" */ = {
			isa = XCConfigurationList;
			buildConfigurations = (
				D79754BA2FA9E0B200AFDFB6 /* Debug */,
				D79754BB2FA9E0B200AFDFB6 /* Release */,
			);
			defaultConfigurationIsVisible = 0;
			defaultConfigurationName = Release;
		};
		D79754BC2FA9E0B200AFDFB6 /* Build configuration list for PBXNativeTarget "Spur" */ = {
			isa = XCConfigurationList;
			buildConfigurations = (
				D79754BD2FA9E0B200AFDFB6 /* Debug */,
				D79754BE2FA9E0B200AFDFB6 /* Release */,
			);
			defaultConfigurationIsVisible = 0;
			defaultConfigurationName = Release;
		};
		D79754BF2FA9E0B200AFDFB6 /* Build configuration list for PBXNativeTarget "SpurTests" */ = {
			isa = XCConfigurationList;
			buildConfigurations = (
				D79754C02FA9E0B200AFDFB6 /* Debug */,
				D79754C12FA9E0B200AFDFB6 /* Release */,
			);
			defaultConfigurationIsVisible = 0;
			defaultConfigurationName = Release;
		};
		D79754C22FA9E0B200AFDFB6 /* Build configuration list for PBXNativeTarget "SpurUITests" */ = {
			isa = XCConfigurationList;
			buildConfigurations = (
				D79754C32FA9E0B200AFDFB6 /* Debug */,
				D79754C42FA9E0B200AFDFB6 /* Release */,
			);
			defaultConfigurationIsVisible = 0;
			defaultConfigurationName = Release;
		};
/* End XCConfigurationList section */

/* Begin XCRemoteSwiftPackageReference section */
		D79754C52FA9E24800AFDFB6 /* XCRemoteSwiftPackageReference "maplibre-gl-native-distribution" */ = {
			isa = XCRemoteSwiftPackageReference;
			repositoryURL = "https://github.com/maplibre/maplibre-gl-native-distribution";
			requirement = {
				kind = exactVersion;
				version = 6.26.0;
			};
		};
		D79754EB2FAA997C00AFDFB6 /* XCRemoteSwiftPackageReference "supabase-swift" */ = {
			isa = XCRemoteSwiftPackageReference;
			repositoryURL = "https://github.com/supabase/supabase-swift";
			requirement = {
				kind = upToNextMajorVersion;
				minimumVersion = 2.5.1;
			};
		};
/* End XCRemoteSwiftPackageReference section */

/* Begin XCSwiftPackageProductDependency section */
		D79754CB2FA9E4A600AFDFB6 /* MapLibre */ = {
			isa = XCSwiftPackageProductDependency;
			package = D79754C52FA9E24800AFDFB6 /* XCRemoteSwiftPackageReference "maplibre-gl-native-distribution" */;
			productName = MapLibre;
		};
		D79754EC2FAA997C00AFDFB6 /* Supabase */ = {
			isa = XCSwiftPackageProductDependency;
			package = D79754EB2FAA997C00AFDFB6 /* XCRemoteSwiftPackageReference "supabase-swift" */;
			productName = Supabase;
		};
/* End XCSwiftPackageProductDependency section */
	};
	rootObject = D79754932FA9E0B200AFDFB6 /* Project object */;
}
